
Microsoft Visual Studio Solution File, Format Version 12.00
# Visual Studio Version 16
VisualStudioVersion = 16.0.30011.22
MinimumVisualStudioVersion = 10.0.40219.1
Project("{9A19103F-16F7-4668-BE54-9A1E7A4F7556}") = "KampIntro", "KampIntro\KampIntro.csproj", "{9EED8F7E-123E-4AFF-909E-278C8BB3FB5A}"
EndProject
Project("{9A19103F-16F7-4668-BE54-9A1E7A4F7556}") = "Metotlar", "Metotlar\Metotlar.csproj", "{C4560497-B757-4AB9-B7C3-906DED4163D3}"
EndProject
Project("{9A19103F-16F7-4668-BE54-9A1E7A4F7556}") = "ClassIntro", "ClassIntro\ClassIntro.csproj", "{975C6CB9-982A-437E-AB8B-424E13AE1AB0}"
EndProject
Project("{9A19103F-16F7-4668-BE54-9A1E7A4F7556}") = "Koleksiyonlar", "Koleksiyonlar\Koleksiyonlar.csproj", "{01159213-4D04-4020-B633-221F89C10D85}"
EndProject
Project("{9A19103F-16F7-4668-BE54-9A1E7A4F7556}") = "GenericsIntro", "GenericsIntro\GenericsIntro.csproj", "{720C1C47-529B-43B6-8E2A-D3BF13BEF7A7}"
EndProject
Project("{FAE04EC0-301F-11D3-BF4B-00C04F79EFBC}") = "OOP2", "OOP2\OOP2.csproj", "{6A04729C-7FDF-48C7-B364-51343946BD70}"
EndProject
Project("{FAE04EC0-301F-11D3-BF4B-00C04F79EFBC}") = "OOP3", "OOP3\OOP3.csproj", "{AE51609E-E37A-4137-98F6-9B9FB8E9A2D5}"
EndProject
Global
	GlobalSection(SolutionConfigurationPlatforms) = preSolution
		Debug|Any CPU = Debug|Any CPU
		Release|Any CPU = Release|Any CPU
	EndGlobalSection
	GlobalSection(ProjectConfigurationPlatforms) = postSolution
		{9EED8F7E-123E-4AFF-909E-278C8BB3FB5A}.Debug|Any CPU.ActiveCfg = Debug|Any CPU
		{9EED8F7E-123E-4AFF-909E-278C8BB3FB5A}.Debug|Any CPU.Build.0 = Debug|Any CPU
		{9EED8F7E-123E-4AFF-909E-278C8BB3FB5A}.Release|Any CPU.ActiveCfg = Release|Any CPU
		{9EED8F7E-123E-4AFF-909E-278C8BB3FB5A}.Release|Any CPU.Build.0 = Release|Any CPU
		{C4560497-B757-4AB9-B7C3-906DED4163D3}.Debug|Any CPU.ActiveCfg = Debug|Any CPU
		{C4560497-B757-4AB9-B7C3-906DED4163D3}.Debug|Any CPU.Build.0 = Debug|Any CPU
		{C4560497-B757-4AB9-B7C3-906DED4163D3}.Release|Any CPU.ActiveCfg = Release|Any CPU
		{C4560497-B757-4AB9-B7C3-906DED4163D3}.Release|Any CPU.Build.0 = Release|Any CPU
		{975C6CB9-982A-437E-AB8B-424E13AE1AB0}.Debug|Any CPU.ActiveCfg = Debug|Any CPU
		{975C6CB9-982A-437E-AB8B-424E13AE1AB0}.Debug|Any CPU.Build.0 = Debug|Any CPU
		{975C6CB9-982A-437E-AB8B-424E13AE1AB0}.Release|Any CPU.ActiveCfg = Release|Any CPU
		{975C6CB9-982A-437E-AB8B-424E13AE1AB0}.Release|Any CPU.Build.0 = Release|Any CPU
		{01159213-4D04-4020-B633-221F89C10D85}.Debug|Any CPU.ActiveCfg = Debug|Any CPU
		{01159213-4D04-4020-B633-221F89C10D85}.Debug|Any CPU.Build.0 = Debug|Any CPU
		{01159213-4D04-4020-B633-221F89C10D85}.Release|Any CPU.ActiveCfg = Release|Any CPU
		{01159213-4D04-4020-B633-221F89C10D85}.Release|Any CPU.Build.0 = Release|Any CPU
		{720C1C47-529B-43B6-8E2A-D3BF13BEF7A7}.Debug|Any CPU.ActiveCfg = Debug|Any CPU
		{720C1C47-529B-43B6-8E2A-D3BF13BEF7A7}.Debug|Any CPU.Build.0 = Debug|Any CPU
		{720C1C47-529B-43B6-8E2A-D3BF13BEF7A7}.Release|Any CPU.ActiveCfg = Release|Any CPU
		{720C1C47-529B-43B6-8E2A-D3BF13BEF7A7}.Release|Any CPU.Build.0 = Release|Any CPU
		{6A04729C-7FDF-48C7-B364-51343946BD70}.Debug|Any CPU.ActiveCfg = Debug|Any CPU
		{6A04729C-7FDF-48C7-B364-51343946BD70}.Debug|Any CPU.Build.0 = Debug|Any CPU
		{6A04729C-7FDF-48C7-B364-51343946BD70}.Release|Any CPU.ActiveCfg = Release|Any CPU
		{6A04729C-7FDF-48C7-B364-51343946BD70}.Release|Any CPU.Build.0 = Release|Any CPU
		{AE51609E-E37A-4137-98F6-9B9FB8E9A2D5}.Debug|Any CPU.ActiveCfg = Debug|Any CPU
		{AE51609E-E37A-4137-98F6-9B9FB8E9A2D5}.Debug|Any CPU.Build.0 = Debug|Any CPU
		{AE51609E-E37A-4137-98F6-9B9FB8E9A2D5}.Release|Any CPU.ActiveCfg = Release|Any CPU
		{AE51609E-E37A-4137-98F6-9B9FB8E9A2D5}.Release|Any CPU.Build.0 = Release|Any CPU
	EndGlobalSection
	GlobalSection(SolutionProperties) = preSolution
		HideSolutionNode = FALSE
	EndGlobalSection
	GlobalSection(ExtensibilityGlobals) = postSolution
		SolutionGuid = {AF4EED88-B7FD-4C4F-8338-2B73B04575AF}
	EndGlobalSection
EndGlobal
